
Microsoft Visual Studio Solution File, Format Version 12.00
# Visual Studio Version 17
VisualStudioVersion = 17.1.32414.318
MinimumVisualStudioVersion = 10.0.40219.1
Project("{FAE04EC0-301F-11D3-BF4B-00C04F79EFBC}") = "TestProject1", "TestProject1.csproj", "{D2827DAB-BCF2-49EB-8B29-9C0E9C316A7F}"
EndProject
Global
	GlobalSection(SolutionConfigurationPlatforms) = preSolution
		Debug|Any CPU = Debug|Any CPU
		Release|Any CPU = Release|Any CPU
	EndGlobalSection
	GlobalSection(ProjectConfigurationPlatforms) = postSolution
		{D2827DAB-BCF2-49EB-8B29-9C0E9C316A7F}.Debug|Any CPU.ActiveCfg = Debug|Any CPU
		{D2827DAB-BCF2-49EB-8B29-9C0E9C316A7F}.Debug|Any CPU.Build.0 = Debug|Any CPU
		{D2827DAB-BCF2-49EB-8B29-9C0E9C316A7F}.Release|Any CPU.ActiveCfg = Release|Any CPU
		{D2827DAB-BCF2-49EB-8B29-9C0E9C316A7F}.Release|Any CPU.Build.0 = Release|Any CPU
	EndGlobalSection
	GlobalSection(SolutionProperties) = preSolution
		HideSolutionNode = FALSE
	EndGlobalSection
	GlobalSection(ExtensibilityGlobals) = postSolution
		SolutionGuid = {94D6BD29-21D3-4B8B-9F5C-C31EBABCACB9}
	EndGlobalSection
EndGlobal
